{
  "name": "@captn3m0/electron-fingerprints",
  "version": "2025.12.13",
  "lockfileVersion": 2,
  "requires": true,
  "packages": {
    "": {
      "name": "@captn3m0/electron-fingerprints",
      "version": "2025.12.13",
      "license": "WTFPL",
      "devDependencies": {
        "semver": "^7.7.3"
      }
    },
    "node_modules/semver": {
      "version": "7.7.3",
      "resolved": "https://registry.npmjs.org/semver/-/semver-7.7.3.tgz",
      "integrity": "sha512-SdsKMrI9TdgjdweUSR9MweHA4EJ8YxHn8DFaDisvhVlUOe4BF1tLD7GAj0lIqWVl+dPb/rExr0Btby5loQm20Q==",
      "dev": true,
      "bin": {
        "semver": "bin/semver.js"
      },
      "engines": {
        "node": ">=10"
      }
    }
  },
  "dependencies": {
    "semver": {
      "version": "7.7.3",
      "resolved": "https://registry.npmjs.org/semver/-/semver-7.7.3.tgz",
      "integrity": "sha512-SdsKMrI9TdgjdweUSR9MweHA4EJ8YxHn8DFaDisvhVlUOe4BF1tLD7GAj0lIqWVl+dPb/rExr0Btby5loQm20Q==",
      "dev": true
    }
  }
}
