{
  "name": "electron-fingerprints",
  "version": "2022.3.31",
  "lockfileVersion": 2,
  "requires": true,
  "packages": {
    "": {
      "name": "electron-fingerprints",
      "version": "2022.3.31",
      "license": "WTFPL",
      "devDependencies": {
        "semver": "^7.3.6"
      }
    },
    "node_modules/lru-cache": {
      "version": "7.7.3",
      "resolved": "https://registry.npmjs.org/lru-cache/-/lru-cache-7.7.3.tgz",
      "integrity": "sha512-WY9wjJNQt9+PZilnLbuFKM+SwDull9+6IAguOrarOMoOHTcJ9GnXSO11+Gw6c7xtDkBkthR57OZMtZKYr+1CEw==",
      "dev": true,
      "engines": {
        "node": ">=12"
      }
    },
    "node_modules/semver": {
      "version": "7.3.6",
      "resolved": "https://registry.npmjs.org/semver/-/semver-7.3.6.tgz",
      "integrity": "sha512-HZWqcgwLsjaX1HBD31msI/rXktuIhS+lWvdE4kN9z+8IVT4Itc7vqU2WvYsyD6/sjYCt4dEKH/m1M3dwI9CC5w==",
      "dev": true,
      "dependencies": {
        "lru-cache": "^7.4.0"
      },
      "bin": {
        "semver": "bin/semver.js"
      },
      "engines": {
        "node": "^10.0.0 || ^12.0.0 || ^14.0.0 || >=16.0.0"
      }
    }
  },
  "dependencies": {
    "lru-cache": {
      "version": "7.7.3",
      "resolved": "https://registry.npmjs.org/lru-cache/-/lru-cache-7.7.3.tgz",
      "integrity": "sha512-WY9wjJNQt9+PZilnLbuFKM+SwDull9+6IAguOrarOMoOHTcJ9GnXSO11+Gw6c7xtDkBkthR57OZMtZKYr+1CEw==",
      "dev": true
    },
    "semver": {
      "version": "7.3.6",
      "resolved": "https://registry.npmjs.org/semver/-/semver-7.3.6.tgz",
      "integrity": "sha512-HZWqcgwLsjaX1HBD31msI/rXktuIhS+lWvdE4kN9z+8IVT4Itc7vqU2WvYsyD6/sjYCt4dEKH/m1M3dwI9CC5w==",
      "dev": true,
      "requires": {
        "lru-cache": "^7.4.0"
      }
    }
  }
}
